PODS:
  - common (1.0):
    - TrustWalletCore
  - SwiftProtobuf (1.21.0)
  - TrustWalletCore (3.1.18):
    - TrustWalletCore/Core (= 3.1.18)
  - TrustWalletCore/Core (3.1.18):
    - TrustWalletCore/Types
  - TrustWalletCore/Types (3.1.18):
    - SwiftProtobuf

DEPENDENCIES:
  - common (from `../shared/common`)

SPEC REPOS:
  trunk:
    - SwiftProtobuf
    - TrustWalletCore

EXTERNAL SOURCES:
  common:
    :path: "../shared/common"

SPEC CHECKSUMS:
  common: fdb40d16f6daa09d80ed3772445e3eed2e280485
  SwiftProtobuf: afced68785854575756db965e9da52bbf3dc45e7
  TrustWalletCore: fabbb38652ab559ee25c864af8836e6481a7e22b

PODFILE CHECKSUM: 2d99f66aef2334f8023b7b9a88ce9dfe7464eccd

COCOAPODS: 1.10.2
